{
  "lib/forge-std": {
    "tag": {
      "name": "v1.15.0",
      "rev": "0844d7e1fc5e60d77b68e469bff60265f236c398"
    }
  },
  "lib/uniswap-hooks": {
    "tag": {
      "name": "v1.2.1",
      "rev": "acbd604c409a827f7f98c9517236da860c4fca1a"
    }
  },
  "lib/v4-core": {
    "tag": {
      "name": "v4.0.0",
      "rev": "e50237c43811bd9b526eff40f26772152a42daba"
    }
  },
  "lib/v4-periphery": {
    "rev": "9dafaaecc1e2e1e824eda9d941085f96517d827b"
  }
}